
Microsoft Visual Studio Solution File, Format Version 12.00
# Visual Studio Version 17
VisualStudioVersion = 17.5.2.0
MinimumVisualStudioVersion = 10.0.40219.1
Project("{2150E333-8FDC-42A3-9474-1A3956D46DE8}") = "MbtxAssessment", "MbtxAssessment", "{1E63CB8E-8BAF-DAFB-E8A0-153A41FBE31E}"
EndProject
Project("{FAE04EC0-301F-11D3-BF4B-00C04F79EFBC}") = "mbtx-assessment", "MbtxAssessment\mbtx-assessment.csproj", "{731EAEAB-E651-B79B-4FDD-2C2B7F3BF209}"
EndProject
Project("{FAE04EC0-301F-11D3-BF4B-00C04F79EFBC}") = "MbtxAssessment.Tests", "MbtxAssessment.Tests\MbtxAssessment.Tests.csproj", "{62900ACC-289E-4B67-AB75-C8732F306CFF}"
EndProject
Project("{FAE04EC0-301F-11D3-BF4B-00C04F79EFBC}") = "ClientB", "ClientB\ClientB.csproj", "{20D95108-10DD-49D3-8324-F32B671467B5}"
EndProject
Global
	GlobalSection(SolutionConfigurationPlatforms) = preSolution
		Debug|Any CPU = Debug|Any CPU
		Debug|x64 = Debug|x64
		Debug|x86 = Debug|x86
		Release|Any CPU = Release|Any CPU
		Release|x64 = Release|x64
		Release|x86 = Release|x86
	EndGlobalSection
	GlobalSection(ProjectConfigurationPlatforms) = postSolution
		{731EAEAB-E651-B79B-4FDD-2C2B7F3BF209}.Debug|Any CPU.ActiveCfg = Debug|Any CPU
		{731EAEAB-E651-B79B-4FDD-2C2B7F3BF209}.Debug|Any CPU.Build.0 = Debug|Any CPU
		{731EAEAB-E651-B79B-4FDD-2C2B7F3BF209}.Debug|x64.ActiveCfg = Debug|Any CPU
		{731EAEAB-E651-B79B-4FDD-2C2B7F3BF209}.Debug|x64.Build.0 = Debug|Any CPU
		{731EAEAB-E651-B79B-4FDD-2C2B7F3BF209}.Debug|x86.ActiveCfg = Debug|Any CPU
		{731EAEAB-E651-B79B-4FDD-2C2B7F3BF209}.Debug|x86.Build.0 = Debug|Any CPU
		{731EAEAB-E651-B79B-4FDD-2C2B7F3BF209}.Release|Any CPU.ActiveCfg = Release|Any CPU
		{731EAEAB-E651-B79B-4FDD-2C2B7F3BF209}.Release|Any CPU.Build.0 = Release|Any CPU
		{731EAEAB-E651-B79B-4FDD-2C2B7F3BF209}.Release|x64.ActiveCfg = Release|Any CPU
		{731EAEAB-E651-B79B-4FDD-2C2B7F3BF209}.Release|x64.Build.0 = Release|Any CPU
		{731EAEAB-E651-B79B-4FDD-2C2B7F3BF209}.Release|x86.ActiveCfg = Release|Any CPU
		{731EAEAB-E651-B79B-4FDD-2C2B7F3BF209}.Release|x86.Build.0 = Release|Any CPU
		{62900ACC-289E-4B67-AB75-C8732F306CFF}.Debug|Any CPU.ActiveCfg = Debug|Any CPU
		{62900ACC-289E-4B67-AB75-C8732F306CFF}.Debug|Any CPU.Build.0 = Debug|Any CPU
		{62900ACC-289E-4B67-AB75-C8732F306CFF}.Debug|x64.ActiveCfg = Debug|Any CPU
		{62900ACC-289E-4B67-AB75-C8732F306CFF}.Debug|x64.Build.0 = Debug|Any CPU
		{62900ACC-289E-4B67-AB75-C8732F306CFF}.Debug|x86.ActiveCfg = Debug|Any CPU
		{62900ACC-289E-4B67-AB75-C8732F306CFF}.Debug|x86.Build.0 = Debug|Any CPU
		{62900ACC-289E-4B67-AB75-C8732F306CFF}.Release|Any CPU.ActiveCfg = Release|Any CPU
		{62900ACC-289E-4B67-AB75-C8732F306CFF}.Release|Any CPU.Build.0 = Release|Any CPU
		{62900ACC-289E-4B67-AB75-C8732F306CFF}.Release|x64.ActiveCfg = Release|Any CPU
		{62900ACC-289E-4B67-AB75-C8732F306CFF}.Release|x64.Build.0 = Release|Any CPU
		{62900ACC-289E-4B67-AB75-C8732F306CFF}.Release|x86.ActiveCfg = Release|Any CPU
		{62900ACC-289E-4B67-AB75-C8732F306CFF}.Release|x86.Build.0 = Release|Any CPU
		{F390FA0E-DA60-47C5-922A-333B9FB9D8A2}.Debug|Any CPU.ActiveCfg = Debug|Any CPU
		{F390FA0E-DA60-47C5-922A-333B9FB9D8A2}.Debug|Any CPU.Build.0 = Debug|Any CPU
		{F390FA0E-DA60-47C5-922A-333B9FB9D8A2}.Debug|x64.ActiveCfg = Debug|Any CPU
		{F390FA0E-DA60-47C5-922A-333B9FB9D8A2}.Debug|x64.Build.0 = Debug|Any CPU
		{F390FA0E-DA60-47C5-922A-333B9FB9D8A2}.Debug|x86.ActiveCfg = Debug|Any CPU
		{F390FA0E-DA60-47C5-922A-333B9FB9D8A2}.Debug|x86.Build.0 = Debug|Any CPU
		{F390FA0E-DA60-47C5-922A-333B9FB9D8A2}.Release|Any CPU.ActiveCfg = Release|Any CPU
		{F390FA0E-DA60-47C5-922A-333B9FB9D8A2}.Release|Any CPU.Build.0 = Release|Any CPU
		{F390FA0E-DA60-47C5-922A-333B9FB9D8A2}.Release|x64.ActiveCfg = Release|Any CPU
		{F390FA0E-DA60-47C5-922A-333B9FB9D8A2}.Release|x64.Build.0 = Release|Any CPU
		{F390FA0E-DA60-47C5-922A-333B9FB9D8A2}.Release|x86.ActiveCfg = Release|Any CPU
		{F390FA0E-DA60-47C5-922A-333B9FB9D8A2}.Release|x86.Build.0 = Release|Any CPU
		{20D95108-10DD-49D3-8324-F32B671467B5}.Debug|Any CPU.ActiveCfg = Debug|Any CPU
		{20D95108-10DD-49D3-8324-F32B671467B5}.Debug|Any CPU.Build.0 = Debug|Any CPU
		{20D95108-10DD-49D3-8324-F32B671467B5}.Debug|x64.ActiveCfg = Debug|Any CPU
		{20D95108-10DD-49D3-8324-F32B671467B5}.Debug|x64.Build.0 = Debug|Any CPU
		{20D95108-10DD-49D3-8324-F32B671467B5}.Debug|x86.ActiveCfg = Debug|Any CPU
		{20D95108-10DD-49D3-8324-F32B671467B5}.Debug|x86.Build.0 = Debug|Any CPU
		{20D95108-10DD-49D3-8324-F32B671467B5}.Release|Any CPU.ActiveCfg = Release|Any CPU
		{20D95108-10DD-49D3-8324-F32B671467B5}.Release|Any CPU.Build.0 = Release|Any CPU
		{20D95108-10DD-49D3-8324-F32B671467B5}.Release|x64.ActiveCfg = Release|Any CPU
		{20D95108-10DD-49D3-8324-F32B671467B5}.Release|x64.Build.0 = Release|Any CPU
		{20D95108-10DD-49D3-8324-F32B671467B5}.Release|x86.ActiveCfg = Release|Any CPU
		{20D95108-10DD-49D3-8324-F32B671467B5}.Release|x86.Build.0 = Release|Any CPU
	EndGlobalSection
	GlobalSection(SolutionProperties) = preSolution
		HideSolutionNode = FALSE
	EndGlobalSection
	GlobalSection(NestedProjects) = preSolution
		{731EAEAB-E651-B79B-4FDD-2C2B7F3BF209} = {1E63CB8E-8BAF-DAFB-E8A0-153A41FBE31E}
	EndGlobalSection
	GlobalSection(ExtensibilityGlobals) = postSolution
		SolutionGuid = {6323CE31-DA85-45AC-BE76-BB912B687A8B}
	EndGlobalSection
EndGlobal
